// !$*UTF8*$!
{
	archiveVersion = 1;
	classes = {
	};
	objectVersion = 56;
	objects = {

/* Begin PBXBuildFile section */
		3011733128EC881A007F6D09 /* UserBioViewController.swift in Sources */ = {isa = PBXBuildFile; fileRef = 3011733028EC881A007F6D09 /* UserBioViewController.swift */; };
		3011733328EC900D007F6D09 /* User.swift in Sources */ = {isa = PBXBuildFile; fileRef = 3011733228EC900D007F6D09 /* User.swift */; };
		3011733528EC901B007F6D09 /* Person.swift in Sources */ = {isa = PBXBuildFile; fileRef = 3011733428EC901B007F6D09 /* Person.swift */; };
		303166A128E7155300DCD751 /* AppDelegate.swift in Sources */ = {isa = PBXBuildFile; fileRef = 303166A028E7155300DCD751 /* AppDelegate.swift */; };
		303166A328E7155300DCD751 /* SceneDelegate.swift in Sources */ = {isa = PBXBuildFile; fileRef = 303166A228E7155300DCD751 /* SceneDelegate.swift */; };
		303166A528E7155300DCD751 /* LoginViewController.swift in Sources */ = {isa = PBXBuildFile; fileRef = 303166A428E7155300DCD751 /* LoginViewController.swift */; };
		303166A828E7155300DCD751 /* Main.storyboard in Resources */ = {isa = PBXBuildFile; fileRef = 303166A628E7155300DCD751 /* Main.storyboard */; };
		303166AA28E7155400DCD751 /* Assets.xcassets in Resources */ = {isa = PBXBuildFile; fileRef = 303166A928E7155400DCD751 /* Assets.xcassets */; };
		303166AD28E7155400DCD751 /* LaunchScreen.storyboard in Resources */ = {isa = PBXBuildFile; fileRef = 303166AB28E7155400DCD751 /* LaunchScreen.storyboard */; };
		303166B528E716A400DCD751 /* WelcomeViewController.swift in Sources */ = {isa = PBXBuildFile; fileRef = 303166B428E716A400DCD751 /* WelcomeViewController.swift */; };
		3087808E28EC784E0049F124 /* UserDataViewController.swift in Sources */ = {isa = PBXBuildFile; fileRef = 3087808D28EC784E0049F124 /* UserDataViewController.swift */; };
/* End PBXBuildFile section */

/* Begin PBXFileReference section */
		3011733028EC881A007F6D09 /* UserBioViewController.swift */ = {isa = PBXFileReference; lastKnownFileType = sourcecode.swift; path = UserBioViewController.swift; sourceTree = "<group>"; };
		3011733228EC900D007F6D09 /* User.swift */ = {isa = PBXFileReference; lastKnownFileType = sourcecode.swift; path = User.swift; sourceTree = "<group>"; };
		3011733428EC901B007F6D09 /* Person.swift */ = {isa = PBXFileReference; lastKnownFileType = sourcecode.swift; path = Person.swift; sourceTree = "<group>"; };
		3031669D28E7155300DCD751 /* LoginApp.app */ = {isa = PBXFileReference; explicitFileType = wrapper.application; includeInIndex = 0; path = LoginApp.app; sourceTree = BUILT_PRODUCTS_DIR; };
		303166A028E7155300DCD751 /* AppDelegate.swift */ = {isa = PBXFileReference; lastKnownFileType = sourcecode.swift; path = AppDelegate.swift; sourceTree = "<group>"; };
		303166A228E7155300DCD751 /* SceneDelegate.swift */ = {isa = PBXFileReference; lastKnownFileType = sourcecode.swift; path = SceneDelegate.swift; sourceTree = "<group>"; };
		303166A428E7155300DCD751 /* LoginViewController.swift */ = {isa = PBXFileReference; lastKnownFileType = sourcecode.swift; path = LoginViewController.swift; sourceTree = "<group>"; };
		303166A728E7155300DCD751 /* Base */ = {isa = PBXFileReference; lastKnownFileType = file.storyboard; name = Base; path = Base.lproj/Main.storyboard; sourceTree = "<group>"; };
		303166A928E7155400DCD751 /* Assets.xcassets */ = {isa = PBXFileReference; lastKnownFileType = folder.assetcatalog; path = Assets.xcassets; sourceTree = "<group>"; };
		303166AC28E7155400DCD751 /* Base */ = {isa = PBXFileReference; lastKnownFileType = file.storyboard; name = Base; path = Base.lproj/LaunchScreen.storyboard; sourceTree = "<group>"; };
		303166AE28E7155400DCD751 /* Info.plist */ = {isa = PBXFileReference; lastKnownFileType = text.plist.xml; path = Info.plist; sourceTree = "<group>"; };
		303166B428E716A400DCD751 /* WelcomeViewController.swift */ = {isa = PBXFileReference; lastKnownFileType = sourcecode.swift; path = WelcomeViewController.swift; sourceTree = "<group>"; };
		3087808D28EC784E0049F124 /* UserDataViewController.swift */ = {isa = PBXFileReference; lastKnownFileType = sourcecode.swift; path = UserDataViewController.swift; sourceTree = "<group>"; };
/* End PBXFileReference section */

/* Begin PBXFrameworksBuildPhase section */
		3031669A28E7155300DCD751 /* Frameworks */ = {
			isa = PBXFrameworksBuildPhase;
			buildActionMask = 2147483647;
			files = (
			);
			runOnlyForDeploymentPostprocessing = 0;
		};
/* End PBXFrameworksBuildPhase section */

/* Begin PBXGroup section */
		3031669428E7155300DCD751 = {
			isa = PBXGroup;
			children = (
				3031669F28E7155300DCD751 /* LoginApp */,
				3031669E28E7155300DCD751 /* Products */,
			);
			sourceTree = "<group>";
		};
		3031669E28E7155300DCD751 /* Products */ = {
			isa = PBXGroup;
			children = (
				3031669D28E7155300DCD751 /* LoginApp.app */,
			);
			name = Products;
			sourceTree = "<group>";
		};
		3031669F28E7155300DCD751 /* LoginApp */ = {
			isa = PBXGroup;
			children = (
				3087808828EC6D360049F124 /* ViewControllers */,
				3087808C28EC6D8A0049F124 /* Models */,
				3087808928EC6D510049F124 /* App */,
				3087808A28EC6D700049F124 /* Storyboards */,
				3087808B28EC6D7E0049F124 /* Resources */,
			);
			path = LoginApp;
			sourceTree = "<group>";
		};
		3087808828EC6D360049F124 /* ViewControllers */ = {
			isa = PBXGroup;
			children = (
				303166A428E7155300DCD751 /* LoginViewController.swift */,
				303166B428E716A400DCD751 /* WelcomeViewController.swift */,
				3087808D28EC784E0049F124 /* UserDataViewController.swift */,
				3011733028EC881A007F6D09 /* UserBioViewController.swift */,
			);
			path = ViewControllers;
			sourceTree = "<group>";
		};
		3087808928EC6D510049F124 /* App */ = {
			isa = PBXGroup;
			children = (
				303166A028E7155300DCD751 /* AppDelegate.swift */,
				303166A228E7155300DCD751 /* SceneDelegate.swift */,
				303166AE28E7155400DCD751 /* Info.plist */,
			);
			path = App;
			sourceTree = "<group>";
		};
		3087808A28EC6D700049F124 /* Storyboards */ = {
			isa = PBXGroup;
			children = (
				303166A628E7155300DCD751 /* Main.storyboard */,
				303166AB28E7155400DCD751 /* LaunchScreen.storyboard */,
			);
			path = Storyboards;
			sourceTree = "<group>";
		};
		3087808B28EC6D7E0049F124 /* Resources */ = {
			isa = PBXGroup;
			children = (
				303166A928E7155400DCD751 /* Assets.xcassets */,
			);
			path = Resources;
			sourceTree = "<group>";
		};
		3087808C28EC6D8A0049F124 /* Models */ = {
			isa = PBXGroup;
			children = (
				3011733228EC900D007F6D09 /* User.swift */,
				3011733428EC901B007F6D09 /* Person.swift */,
			);
			path = Models;
			sourceTree = "<group>";
		};
/* End PBXGroup section */

/* Begin PBXNativeTarget section */
		3031669C28E7155300DCD751 /* LoginApp */ = {
			isa = PBXNativeTarget;
			buildConfigurationList = 303166B128E7155400DCD751 /* Build configuration list for PBXNativeTarget "LoginApp" */;
			buildPhases = (
				3031669928E7155300DCD751 /* Sources */,
				3031669A28E7155300DCD751 /* Frameworks */,
				3031669B28E7155300DCD751 /* Resources */,
			);
			buildRules = (
			);
			dependencies = (
			);
			name = LoginApp;
			productName = LoginApp;
			productReference = 3031669D28E7155300DCD751 /* LoginApp.app */;
			productType = "com.apple.product-type.application";
		};
/* End PBXNativeTarget section */

/* Begin PBXProject section */
		3031669528E7155300DCD751 /* Project object */ = {
			isa = PBXProject;
			attributes = {
				BuildIndependentTargetsInParallel = 1;
				LastSwiftUpdateCheck = 1400;
				LastUpgradeCheck = 1400;
				TargetAttributes = {
					3031669C28E7155300DCD751 = {
						CreatedOnToolsVersion = 14.0.1;
					};
				};
			};
			buildConfigurationList = 3031669828E7155300DCD751 /* Build configuration list for PBXProject "LoginApp" */;
			compatibilityVersion = "Xcode 14.0";
			developmentRegion = en;
			hasScannedForEncodings = 0;
			knownRegions = (
				en,
				Base,
			);
			mainGroup = 3031669428E7155300DCD751;
			productRefGroup = 3031669E28E7155300DCD751 /* Products */;
			projectDirPath = "";
			projectRoot = "";
			targets = (
				3031669C28E7155300DCD751 /* LoginApp */,
			);
		};
/* End PBXProject section */

/* Begin PBXResourcesBuildPhase section */
		3031669B28E7155300DCD751 /* Resources */ = {
			isa = PBXResourcesBuildPhase;
			buildActionMask = 2147483647;
			files = (
				303166AD28E7155400DCD751 /* LaunchScreen.storyboard in Resources */,
				303166AA28E7155400DCD751 /* Assets.xcassets in Resources */,
				303166A828E7155300DCD751 /* Main.storyboard in Resources */,
			);
			runOnlyForDeploymentPostprocessing = 0;
		};
/* End PBXResourcesBuildPhase section */

/* Begin PBXSourcesBuildPhase section */
		3031669928E7155300DCD751 /* Sources */ = {
			isa = PBXSourcesBuildPhase;
			buildActionMask = 2147483647;
			files = (
				3011733128EC881A007F6D09 /* UserBioViewController.swift in Sources */,
				303166A528E7155300DCD751 /* LoginViewController.swift in Sources */,
				303166B528E716A400DCD751 /* WelcomeViewController.swift in Sources */,
				3087808E28EC784E0049F124 /* UserDataViewController.swift in Sources */,
				303166A128E7155300DCD751 /* AppDelegate.swift in Sources */,
				303166A328E7155300DCD751 /* SceneDelegate.swift in Sources */,
				3011733528EC901B007F6D09 /* Person.swift in Sources */,
				3011733328EC900D007F6D09 /* User.swift in Sources */,
			);
			runOnlyForDeploymentPostprocessing = 0;
		};
/* End PBXSourcesBuildPhase section */

/* Begin PBXVariantGroup section */
		303166A628E7155300DCD751 /* Main.storyboard */ = {
			isa = PBXVariantGroup;
			children = (
				303166A728E7155300DCD751 /* Base */,
			);
			name = Main.storyboard;
			sourceTree = "<group>";
		};
		303166AB28E7155400DCD751 /* LaunchScreen.storyboard */ = {
			isa = PBXVariantGroup;
			children = (
				303166AC28E7155400DCD751 /* Base */,
			);
			name = LaunchScreen.storyboard;
			sourceTree = "<group>";
		};
/* End PBXVariantGroup section */

/* Begin XCBuildConfiguration section */
		303166AF28E7155400DCD751 /* Debug */ = {
			isa = XCBuildConfiguration;
			buildSettings = {
				ALWAYS_SEARCH_USER_PATHS = NO;
				CLANG_ANALYZER_NONNULL = YES;
				CLANG_ANALYZER_NUMBER_OBJECT_CONVERSION = YES_AGGRESSIVE;
				CLANG_CXX_LANGUAGE_STANDARD = "gnu++20";
				CLANG_ENABLE_MODULES = YES;
				CLANG_ENABLE_OBJC_ARC = YES;
				CLANG_ENABLE_OBJC_WEAK = YES;
				CLANG_WARN_BLOCK_CAPTURE_AUTORELEASING = YES;
				CLANG_WARN_BOOL_CONVERSION = YES;
				CLANG_WARN_COMMA = YES;
				CLANG_WARN_CONSTANT_CONVERSION = YES;
				CLANG_WARN_DEPRECATED_OBJC_IMPLEMENTATIONS = YES;
				CLANG_WARN_DIRECT_OBJC_ISA_USAGE = YES_ERROR;
				CLANG_WARN_DOCUMENTATION_COMMENTS = YES;
				CLANG_WARN_EMPTY_BODY = YES;
				CLANG_WARN_ENUM_CONVERSION = YES;
				CLANG_WARN_INFINITE_RECURSION = YES;
				CLANG_WARN_INT_CONVERSION = YES;
				CLANG_WARN_NON_LITERAL_NULL_CONVERSION = YES;
				CLANG_WARN_OBJC_IMPLICIT_RETAIN_SELF = YES;
				CLANG_WARN_OBJC_LITERAL_CONVERSION = YES;
				CLANG_WARN_OBJC_ROOT_CLASS = YES_ERROR;
				CLANG_WARN_QUOTED_INCLUDE_IN_FRAMEWORK_HEADER = YES;
				CLANG_WARN_RANGE_LOOP_ANALYSIS = YES;
				CLANG_WARN_STRICT_PROTOTYPES = YES;
				CLANG_WARN_SUSPICIOUS_MOVE = YES;
				CLANG_WARN_UNGUARDED_AVAILABILITY = YES_AGGRESSIVE;
				CLANG_WARN_UNREACHABLE_CODE = YES;
				CLANG_WARN__DUPLICATE_METHOD_MATCH = YES;
				COPY_PHASE_STRIP = NO;
				DEBUG_INFORMATION_FORMAT = dwarf;
				ENABLE_STRICT_OBJC_MSGSEND = YES;
				ENABLE_TESTABILITY = YES;
				GCC_C_LANGUAGE_STANDARD = gnu11;
				GCC_DYNAMIC_NO_PIC = NO;
				GCC_NO_COMMON_BLOCKS = YES;
				GCC_OPTIMIZATION_LEVEL = 0;
				GCC_PREPROCESSOR_DEFINITIONS = (
					"DEBUG=1",
					"$(inherited)",
				);
				GCC_WARN_64_TO_32_BIT_CONVERSION = YES;
				GCC_WARN_ABOUT_RETURN_TYPE = YES_ERROR;
				GCC_WARN_UNDECLARED_SELECTOR = YES;
				GCC_WARN_UNINITIALIZED_AUTOS = YES_AGGRESSIVE;
				GCC_WARN_UNUSED_FUNCTION = YES;
				GCC_WARN_UNUSED_VARIABLE = YES;
				IPHONEOS_DEPLOYMENT_TARGET = 16.0;
				MTL_ENABLE_DEBUG_INFO = INCLUDE_SOURCE;
				MTL_FAST_MATH = YES;
				ONLY_ACTIVE_ARCH = YES;
				SDKROOT = iphoneos;
				SWIFT_ACTIVE_COMPILATION_CONDITIONS = DEBUG;
				SWIFT_OPTIMIZATION_LEVEL = "-Onone";
			};
			name = Debug;
		};
		303166B028E7155400DCD751 /* Release */ = {
			isa = XCBuildConfiguration;
			buildSettings = {
				ALWAYS_SEARCH_USER_PATHS = NO;
				CLANG_ANALYZER_NONNULL = YES;
				CLANG_ANALYZER_NUMBER_OBJECT_CONVERSION = YES_AGGRESSIVE;
				CLANG_CXX_LANGUAGE_STANDARD = "gnu++20";
				CLANG_ENABLE_MODULES = YES;
				CLANG_ENABLE_OBJC_ARC = YES;
				CLANG_ENABLE_OBJC_WEAK = YES;
				CLANG_WARN_BLOCK_CAPTURE_AUTORELEASING = YES;
				CLANG_WARN_BOOL_CONVERSION = YES;
				CLANG_WARN_COMMA = YES;
				CLANG_WARN_CONSTANT_CONVERSION = YES;
				CLANG_WARN_DEPRECATED_OBJC_IMPLEMENTATIONS = YES;
				CLANG_WARN_DIRECT_OBJC_ISA_USAGE = YES_ERROR;
				CLANG_WARN_DOCUMENTATION_COMMENTS = YES;
				CLANG_WARN_EMPTY_BODY = YES;
				CLANG_WARN_ENUM_CONVERSION = YES;
				CLANG_WARN_INFINITE_RECURSION = YES;
				CLANG_WARN_INT_CONVERSION = YES;
				CLANG_WARN_NON_LITERAL_NULL_CONVERSION = YES;
				CLANG_WARN_OBJC_IMPLICIT_RETAIN_SELF = YES;
				CLANG_WARN_OBJC_LITERAL_CONVERSION = YES;
				CLANG_WARN_OBJC_ROOT_CLASS = YES_ERROR;
				CLANG_WARN_QUOTED_INCLUDE_IN_FRAMEWORK_HEADER = YES;
				CLANG_WARN_RANGE_LOOP_ANALYSIS = YES;
				CLANG_WARN_STRICT_PROTOTYPES = YES;
				CLANG_WARN_SUSPICIOUS_MOVE = YES;
				CLANG_WARN_UNGUARDED_AVAILABILITY = YES_AGGRESSIVE;
				CLANG_WARN_UNREACHABLE_CODE = YES;
				CLANG_WARN__DUPLICATE_METHOD_MATCH = YES;
				COPY_PHASE_STRIP = NO;
				DEBUG_INFORMATION_FORMAT = "dwarf-with-dsym";
				ENABLE_NS_ASSERTIONS = NO;
				ENABLE_STRICT_OBJC_MSGSEND = YES;
				GCC_C_LANGUAGE_STANDARD = gnu11;
				GCC_NO_COMMON_BLOCKS = YES;
				GCC_WARN_64_TO_32_BIT_CONVERSION = YES;
				GCC_WARN_ABOUT_RETURN_TYPE = YES_ERROR;
				GCC_WARN_UNDECLARED_SELECTOR = YES;
				GCC_WARN_UNINITIALIZED_AUTOS = YES_AGGRESSIVE;
				GCC_WARN_UNUSED_FUNCTION = YES;
				GCC_WARN_UNUSED_VARIABLE = YES;
				IPHONEOS_DEPLOYMENT_TARGET = 16.0;
				MTL_ENABLE_DEBUG_INFO = NO;
				MTL_FAST_MATH = YES;
				SDKROOT = iphoneos;
				SWIFT_COMPILATION_MODE = wholemodule;
				SWIFT_OPTIMIZATION_LEVEL = "-O";
				VALIDATE_PRODUCT = YES;
			};
			name = Release;
		};
		303166B228E7155400DCD751 /* Debug */ = {
			isa = XCBuildConfiguration;
			buildSettings = {
				ASSETCATALOG_COMPILER_APPICON_NAME = AppIcon;
				ASSETCATALOG_COMPILER_GLOBAL_ACCENT_COLOR_NAME = AccentColor;
				CODE_SIGN_STYLE = Automatic;
				CURRENT_PROJECT_VERSION = 1;
				DEVELOPMENT_TEAM = 46T9YD5R9W;
				GENERATE_INFOPLIST_FILE = YES;
				INFOPLIST_FILE = LoginApp/App/Info.plist;
				INFOPLIST_KEY_UIApplicationSupportsIndirectInputEvents = YES;
				INFOPLIST_KEY_UILaunchStoryboardName = LaunchScreen;
				INFOPLIST_KEY_UIMainStoryboardFile = Main;
				INFOPLIST_KEY_UISupportedInterfaceOrientations = UIInterfaceOrientationPortrait;
				INFOPLIST_KEY_UISupportedInterfaceOrientations_iPad = "UIInterfaceOrientationLandscapeLeft UIInterfaceOrientationLandscapeRight UIInterfaceOrientationPortrait UIInterfaceOrientationPortraitUpsideDown";
				IPHONEOS_DEPLOYMENT_TARGET = 15.5;
				LD_RUNPATH_SEARCH_PATHS = (
					"$(inherited)",
					"@executable_path/Frameworks",
				);
				MARKETING_VERSION = 1.0;
				PRODUCT_BUNDLE_IDENTIFIER = Swiftbook.LoginApp;
				PRODUCT_NAME = "$(TARGET_NAME)";
				SUPPORTED_PLATFORMS = "iphoneos iphonesimulator";
				SUPPORTS_MACCATALYST = NO;
				SUPPORTS_MAC_DESIGNED_FOR_IPHONE_IPAD = YES;
				SWIFT_EMIT_LOC_STRINGS = YES;
				SWIFT_VERSION = 5.0;
				TARGETED_DEVICE_FAMILY = 1;
			};
			name = Debug;
		};
		303166B328E7155400DCD751 /* Release */ = {
			isa = XCBuildConfiguration;
			buildSettings = {
				ASSETCATALOG_COMPILER_APPICON_NAME = AppIcon;
				ASSETCATALOG_COMPILER_GLOBAL_ACCENT_COLOR_NAME = AccentColor;
				CODE_SIGN_STYLE = Automatic;
				CURRENT_PROJECT_VERSION = 1;
				DEVELOPMENT_TEAM = 46T9YD5R9W;
				GENERATE_INFOPLIST_FILE = YES;
				INFOPLIST_FILE = LoginApp/App/Info.plist;
				INFOPLIST_KEY_UIApplicationSupportsIndirectInputEvents = YES;
				INFOPLIST_KEY_UILaunchStoryboardName = LaunchScreen;
				INFOPLIST_KEY_UIMainStoryboardFile = Main;
				INFOPLIST_KEY_UISupportedInterfaceOrientations = UIInterfaceOrientationPortrait;
				INFOPLIST_KEY_UISupportedInterfaceOrientations_iPad = "UIInterfaceOrientationLandscapeLeft UIInterfaceOrientationLandscapeRight UIInterfaceOrientationPortrait UIInterfaceOrientationPortraitUpsideDown";
				IPHONEOS_DEPLOYMENT_TARGET = 15.5;
				LD_RUNPATH_SEARCH_PATHS = (
					"$(inherited)",
					"@executable_path/Frameworks",
				);
				MARKETING_VERSION = 1.0;
				PRODUCT_BUNDLE_IDENTIFIER = Swiftbook.LoginApp;
				PRODUCT_NAME = "$(TARGET_NAME)";
				SUPPORTED_PLATFORMS = "iphoneos iphonesimulator";
				SUPPORTS_MACCATALYST = NO;
				SUPPORTS_MAC_DESIGNED_FOR_IPHONE_IPAD = YES;
				SWIFT_EMIT_LOC_STRINGS = YES;
				SWIFT_VERSION = 5.0;
				TARGETED_DEVICE_FAMILY = 1;
			};
			name = Release;
		};
/* End XCBuildConfiguration section */

/* Begin XCConfigurationList section */
		3031669828E7155300DCD751 /* Build configuration list for PBXProject "LoginApp" */ = {
			isa = XCConfigurationList;
			buildConfigurations = (
				303166AF28E7155400DCD751 /* Debug */,
				303166B028E7155400DCD751 /* Release */,
			);
			defaultConfigurationIsVisible = 0;
			defaultConfigurationName = Release;
		};
		303166B128E7155400DCD751 /* Build configuration list for PBXNativeTarget "LoginApp" */ = {
			isa = XCConfigurationList;
			buildConfigurations = (
				303166B228E7155400DCD751 /* Debug */,
				303166B328E7155400DCD751 /* Release */,
			);
			defaultConfigurationIsVisible = 0;
			defaultConfigurationName = Release;
		};
/* End XCConfigurationList section */
	};
	rootObject = 3031669528E7155300DCD751 /* Project object */;
}
